
Microsoft Visual Studio Solution File, Format Version 12.00
# Visual Studio Version 16
VisualStudioVersion = 16.0.30320.27
MinimumVisualStudioVersion = 10.0.40219.1
Project("{9A19103F-16F7-4668-BE54-9A1E7A4F7556}") = "Test", "Test\Test.csproj", "{49332AE4-45E2-4AF3-BD9D-817A20A5C00B}"
EndProject
Project("{9A19103F-16F7-4668-BE54-9A1E7A4F7556}") = "BxlSharp", "BxlSharp\BxlSharp.csproj", "{6F706879-53FC-4F83-B128-70F94CB0F5E3}"
EndProject
Global
	GlobalSection(SolutionConfigurationPlatforms) = preSolution
		Debug|Any CPU = Debug|Any CPU
		Release|Any CPU = Release|Any CPU
	EndGlobalSection
	GlobalSection(ProjectConfigurationPlatforms) = postSolution
		{49332AE4-45E2-4AF3-BD9D-817A20A5C00B}.Debug|Any CPU.ActiveCfg = Debug|Any CPU
		{49332AE4-45E2-4AF3-BD9D-817A20A5C00B}.Debug|Any CPU.Build.0 = Debug|Any CPU
		{49332AE4-45E2-4AF3-BD9D-817A20A5C00B}.Release|Any CPU.ActiveCfg = Release|Any CPU
		{49332AE4-45E2-4AF3-BD9D-817A20A5C00B}.Release|Any CPU.Build.0 = Release|Any CPU
		{6F706879-53FC-4F83-B128-70F94CB0F5E3}.Debug|Any CPU.ActiveCfg = Debug|Any CPU
		{6F706879-53FC-4F83-B128-70F94CB0F5E3}.Debug|Any CPU.Build.0 = Debug|Any CPU
		{6F706879-53FC-4F83-B128-70F94CB0F5E3}.Release|Any CPU.ActiveCfg = Release|Any CPU
		{6F706879-53FC-4F83-B128-70F94CB0F5E3}.Release|Any CPU.Build.0 = Release|Any CPU
	EndGlobalSection
	GlobalSection(SolutionProperties) = preSolution
		HideSolutionNode = FALSE
	EndGlobalSection
	GlobalSection(ExtensibilityGlobals) = postSolution
		SolutionGuid = {3877F7B8-B4AC-4B24-A734-75D5DD778BB7}
	EndGlobalSection
EndGlobal
